
Microsoft Visual Studio Solution File, Format Version 12.00
# Visual Studio Version 16
VisualStudioVersion = 16.0.31729.503
MinimumVisualStudioVersion = 10.0.40219.1
Project("{FAE04EC0-301F-11D3-BF4B-00C04F79EFBC}") = "ACM.BL", "ACM.BL\ACM.BL.csproj", "{AD928E7C-9EB7-4844-834D-1B4042D768EA}"
EndProject
Project("{2150E333-8FDC-42A3-9474-1A3956D46DE8}") = "Tests", "Tests", "{8D2E39DA-707F-4A27-A3C3-822EF47ECF9F}"
EndProject
Project("{FAE04EC0-301F-11D3-BF4B-00C04F79EFBC}") = "ACM.BLTest", "Test\ACM.BLTest\ACM.BLTest.csproj", "{F6B262CE-C813-4666-8176-63F9384EAE97}"
EndProject
Global
	GlobalSection(SolutionConfigurationPlatforms) = preSolution
		Debug|Any CPU = Debug|Any CPU
		Release|Any CPU = Release|Any CPU
	EndGlobalSection
	GlobalSection(ProjectConfigurationPlatforms) = postSolution
		{AD928E7C-9EB7-4844-834D-1B4042D768EA}.Debug|Any CPU.ActiveCfg = Debug|Any CPU
		{AD928E7C-9EB7-4844-834D-1B4042D768EA}.Debug|Any CPU.Build.0 = Debug|Any CPU
		{AD928E7C-9EB7-4844-834D-1B4042D768EA}.Release|Any CPU.ActiveCfg = Release|Any CPU
		{AD928E7C-9EB7-4844-834D-1B4042D768EA}.Release|Any CPU.Build.0 = Release|Any CPU
		{F6B262CE-C813-4666-8176-63F9384EAE97}.Debug|Any CPU.ActiveCfg = Debug|Any CPU
		{F6B262CE-C813-4666-8176-63F9384EAE97}.Debug|Any CPU.Build.0 = Debug|Any CPU
		{F6B262CE-C813-4666-8176-63F9384EAE97}.Release|Any CPU.ActiveCfg = Release|Any CPU
		{F6B262CE-C813-4666-8176-63F9384EAE97}.Release|Any CPU.Build.0 = Release|Any CPU
	EndGlobalSection
	GlobalSection(SolutionProperties) = preSolution
		HideSolutionNode = FALSE
	EndGlobalSection
	GlobalSection(NestedProjects) = preSolution
		{F6B262CE-C813-4666-8176-63F9384EAE97} = {8D2E39DA-707F-4A27-A3C3-822EF47ECF9F}
	EndGlobalSection
	GlobalSection(ExtensibilityGlobals) = postSolution
		SolutionGuid = {3159193F-A90B-480E-90D1-72D6D13D119B}
	EndGlobalSection
EndGlobal
